
Microsoft Visual Studio Solution File, Format Version 12.00
# Visual Studio Version 17
VisualStudioVersion = 17.12.35514.174
MinimumVisualStudioVersion = 10.0.40219.1
Project("{888888A0-9F3D-457C-B088-3A5042F75D52}") = "Tema_№3_Newron_network", "Tema_№3_Newron_network\Tema_№3_Newron_network.pyproj", "{6F052027-0A4E-499B-BAA0-A2C0CFC21712}"
EndProject
Global
	GlobalSection(SolutionConfigurationPlatforms) = preSolution
		Debug|Any CPU = Debug|Any CPU
		Release|Any CPU = Release|Any CPU
	EndGlobalSection
	GlobalSection(ProjectConfigurationPlatforms) = postSolution
		{6F052027-0A4E-499B-BAA0-A2C0CFC21712}.Debug|Any CPU.ActiveCfg = Debug|Any CPU
		{6F052027-0A4E-499B-BAA0-A2C0CFC21712}.Release|Any CPU.ActiveCfg = Release|Any CPU
	EndGlobalSection
	GlobalSection(SolutionProperties) = preSolution
		HideSolutionNode = FALSE
	EndGlobalSection
EndGlobal
